
Microsoft Visual Studio Solution File, Format Version 9.00
# Visual Studio 2005
Project("{FAE04EC0-301F-11D3-BF4B-00C04F79EFBC}") = "Restaurant", "Restaurant\Restaurant.csproj", "{87315432-4A9F-4D6F-9CBB-6745FD1A3459}"
EndProject
Global
	GlobalSection(SolutionConfigurationPlatforms) = preSolution
		Debug|Any CPU = Debug|Any CPU
		Release|Any CPU = Release|Any CPU
	EndGlobalSection
	GlobalSection(ProjectConfigurationPlatforms) = postSolution
		{87315432-4A9F-4D6F-9CBB-6745FD1A3459}.Debug|Any CPU.ActiveCfg = Debug|Any CPU
		{87315432-4A9F-4D6F-9CBB-6745FD1A3459}.Debug|Any CPU.Build.0 = Debug|Any CPU
		{87315432-4A9F-4D6F-9CBB-6745FD1A3459}.Release|Any CPU.ActiveCfg = Release|Any CPU
		{87315432-4A9F-4D6F-9CBB-6745FD1A3459}.Release|Any CPU.Build.0 = Release|Any CPU
	EndGlobalSection
	GlobalSection(SolutionProperties) = preSolution
		HideSolutionNode = FALSE
	EndGlobalSection
EndGlobal
